
Microsoft Visual Studio Solution File, Format Version 12.00
# Visual Studio Version 17
VisualStudioVersion = 17.0.31903.59
MinimumVisualStudioVersion = 10.0.40219.1
Project("{2150E333-8FDC-42A3-9474-1A3956D46DE8}") = "RecycleLagbe.Api", "RecycleLagbe.Api", "{570106CE-A4FD-B158-E1C7-5F3C003914F3}"
EndProject
Project("{2150E333-8FDC-42A3-9474-1A3956D46DE8}") = "ConsoleApp", "ConsoleApp", "{DACA7FD0-2F1D-9E6A-A381-3006308BBC75}"
EndProject
Project("{FAE04EC0-301F-11D3-BF4B-00C04F79EFBC}") = "ConsoleApp1", "ConsoleApp\ConsoleApp1\ConsoleApp1.csproj", "{3BA82990-0350-491B-BED9-AE249D9A534E}"
EndProject
Project("{FAE04EC0-301F-11D3-BF4B-00C04F79EFBC}") = "ConsoleApp2", "ConsoleApp\ConsoleApp2\ConsoleApp2.csproj", "{460DEF10-F9BA-4D29-8EC5-1834BE909CBF}"
EndProject
Project("{FAE04EC0-301F-11D3-BF4B-00C04F79EFBC}") = "RecycleLabge.WebApi.UnitTests", "Test\RecycleLabge.WebApi.UnitTests\RecycleLabge.WebApi.UnitTests.csproj", "{E5953071-EAC3-4ABA-A2B4-B4D9CCB803A5}"
EndProject
Project("{FAE04EC0-301F-11D3-BF4B-00C04F79EFBC}") = "WebAPI", "RecycleLagbe.Api\WebAPI\WebAPI.csproj", "{DC836D44-D92F-4309-9A85-1FC431FB2C0D}"
EndProject
Project("{FAE04EC0-301F-11D3-BF4B-00C04F79EFBC}") = "RepositoryPatternWebApi", "RecycleLagbe.Api\RepositoryPatternWebApi\RepositoryPatternWebApi.csproj", "{AE02A498-3B65-4171-B470-50CF8108414D}"
EndProject
Project("{FAE04EC0-301F-11D3-BF4B-00C04F79EFBC}") = "RecycleLagbe.Function", "RecycleLagbe.Function\RecycleLagbe.Function.csproj", "{8D240580-E726-E8AD-805A-C7EF8A4107FB}"
EndProject
Project("{FAE04EC0-301F-11D3-BF4B-00C04F79EFBC}") = "RandomQouteService", "RecycleLagbe.Infra\RandomQoutesService\RandomQouteService.csproj", "{EA8A4C72-051D-4337-8AD7-F0FF45A8F63D}"
EndProject
Global
	GlobalSection(SolutionConfigurationPlatforms) = preSolution
		Debug|Any CPU = Debug|Any CPU
		Debug|x64 = Debug|x64
		Debug|x86 = Debug|x86
		Release|Any CPU = Release|Any CPU
		Release|x64 = Release|x64
		Release|x86 = Release|x86
	EndGlobalSection
	GlobalSection(ProjectConfigurationPlatforms) = postSolution
		{3BA82990-0350-491B-BED9-AE249D9A534E}.Debug|Any CPU.ActiveCfg = Debug|Any CPU
		{3BA82990-0350-491B-BED9-AE249D9A534E}.Debug|Any CPU.Build.0 = Debug|Any CPU
		{3BA82990-0350-491B-BED9-AE249D9A534E}.Debug|x64.ActiveCfg = Debug|Any CPU
		{3BA82990-0350-491B-BED9-AE249D9A534E}.Debug|x64.Build.0 = Debug|Any CPU
		{3BA82990-0350-491B-BED9-AE249D9A534E}.Debug|x86.ActiveCfg = Debug|Any CPU
		{3BA82990-0350-491B-BED9-AE249D9A534E}.Debug|x86.Build.0 = Debug|Any CPU
		{3BA82990-0350-491B-BED9-AE249D9A534E}.Release|Any CPU.ActiveCfg = Release|Any CPU
		{3BA82990-0350-491B-BED9-AE249D9A534E}.Release|Any CPU.Build.0 = Release|Any CPU
		{3BA82990-0350-491B-BED9-AE249D9A534E}.Release|x64.ActiveCfg = Release|Any CPU
		{3BA82990-0350-491B-BED9-AE249D9A534E}.Release|x64.Build.0 = Release|Any CPU
		{3BA82990-0350-491B-BED9-AE249D9A534E}.Release|x86.ActiveCfg = Release|Any CPU
		{3BA82990-0350-491B-BED9-AE249D9A534E}.Release|x86.Build.0 = Release|Any CPU
		{460DEF10-F9BA-4D29-8EC5-1834BE909CBF}.Debug|Any CPU.ActiveCfg = Debug|Any CPU
		{460DEF10-F9BA-4D29-8EC5-1834BE909CBF}.Debug|Any CPU.Build.0 = Debug|Any CPU
		{460DEF10-F9BA-4D29-8EC5-1834BE909CBF}.Debug|x64.ActiveCfg = Debug|Any CPU
		{460DEF10-F9BA-4D29-8EC5-1834BE909CBF}.Debug|x64.Build.0 = Debug|Any CPU
		{460DEF10-F9BA-4D29-8EC5-1834BE909CBF}.Debug|x86.ActiveCfg = Debug|Any CPU
		{460DEF10-F9BA-4D29-8EC5-1834BE909CBF}.Debug|x86.Build.0 = Debug|Any CPU
		{460DEF10-F9BA-4D29-8EC5-1834BE909CBF}.Release|Any CPU.ActiveCfg = Release|Any CPU
		{460DEF10-F9BA-4D29-8EC5-1834BE909CBF}.Release|Any CPU.Build.0 = Release|Any CPU
		{460DEF10-F9BA-4D29-8EC5-1834BE909CBF}.Release|x64.ActiveCfg = Release|Any CPU
		{460DEF10-F9BA-4D29-8EC5-1834BE909CBF}.Release|x64.Build.0 = Release|Any CPU
		{460DEF10-F9BA-4D29-8EC5-1834BE909CBF}.Release|x86.ActiveCfg = Release|Any CPU
		{460DEF10-F9BA-4D29-8EC5-1834BE909CBF}.Release|x86.Build.0 = Release|Any CPU
		{E5953071-EAC3-4ABA-A2B4-B4D9CCB803A5}.Debug|Any CPU.ActiveCfg = Debug|Any CPU
		{E5953071-EAC3-4ABA-A2B4-B4D9CCB803A5}.Debug|Any CPU.Build.0 = Debug|Any CPU
		{E5953071-EAC3-4ABA-A2B4-B4D9CCB803A5}.Debug|x64.ActiveCfg = Debug|Any CPU
		{E5953071-EAC3-4ABA-A2B4-B4D9CCB803A5}.Debug|x64.Build.0 = Debug|Any CPU
		{E5953071-EAC3-4ABA-A2B4-B4D9CCB803A5}.Debug|x86.ActiveCfg = Debug|Any CPU
		{E5953071-EAC3-4ABA-A2B4-B4D9CCB803A5}.Debug|x86.Build.0 = Debug|Any CPU
		{E5953071-EAC3-4ABA-A2B4-B4D9CCB803A5}.Release|Any CPU.ActiveCfg = Release|Any CPU
		{E5953071-EAC3-4ABA-A2B4-B4D9CCB803A5}.Release|Any CPU.Build.0 = Release|Any CPU
		{E5953071-EAC3-4ABA-A2B4-B4D9CCB803A5}.Release|x64.ActiveCfg = Release|Any CPU
		{E5953071-EAC3-4ABA-A2B4-B4D9CCB803A5}.Release|x64.Build.0 = Release|Any CPU
		{E5953071-EAC3-4ABA-A2B4-B4D9CCB803A5}.Release|x86.ActiveCfg = Release|Any CPU
		{E5953071-EAC3-4ABA-A2B4-B4D9CCB803A5}.Release|x86.Build.0 = Release|Any CPU
		{DC836D44-D92F-4309-9A85-1FC431FB2C0D}.Debug|Any CPU.ActiveCfg = Debug|Any CPU
		{DC836D44-D92F-4309-9A85-1FC431FB2C0D}.Debug|Any CPU.Build.0 = Debug|Any CPU
		{DC836D44-D92F-4309-9A85-1FC431FB2C0D}.Debug|x64.ActiveCfg = Debug|Any CPU
		{DC836D44-D92F-4309-9A85-1FC431FB2C0D}.Debug|x64.Build.0 = Debug|Any CPU
		{DC836D44-D92F-4309-9A85-1FC431FB2C0D}.Debug|x86.ActiveCfg = Debug|Any CPU
		{DC836D44-D92F-4309-9A85-1FC431FB2C0D}.Debug|x86.Build.0 = Debug|Any CPU
		{DC836D44-D92F-4309-9A85-1FC431FB2C0D}.Release|Any CPU.ActiveCfg = Release|Any CPU
		{DC836D44-D92F-4309-9A85-1FC431FB2C0D}.Release|Any CPU.Build.0 = Release|Any CPU
		{DC836D44-D92F-4309-9A85-1FC431FB2C0D}.Release|x64.ActiveCfg = Release|Any CPU
		{DC836D44-D92F-4309-9A85-1FC431FB2C0D}.Release|x64.Build.0 = Release|Any CPU
		{DC836D44-D92F-4309-9A85-1FC431FB2C0D}.Release|x86.ActiveCfg = Release|Any CPU
		{DC836D44-D92F-4309-9A85-1FC431FB2C0D}.Release|x86.Build.0 = Release|Any CPU
		{AE02A498-3B65-4171-B470-50CF8108414D}.Debug|Any CPU.ActiveCfg = Debug|Any CPU
		{AE02A498-3B65-4171-B470-50CF8108414D}.Debug|Any CPU.Build.0 = Debug|Any CPU
		{AE02A498-3B65-4171-B470-50CF8108414D}.Debug|x64.ActiveCfg = Debug|Any CPU
		{AE02A498-3B65-4171-B470-50CF8108414D}.Debug|x64.Build.0 = Debug|Any CPU
		{AE02A498-3B65-4171-B470-50CF8108414D}.Debug|x86.ActiveCfg = Debug|Any CPU
		{AE02A498-3B65-4171-B470-50CF8108414D}.Debug|x86.Build.0 = Debug|Any CPU
		{AE02A498-3B65-4171-B470-50CF8108414D}.Release|Any CPU.ActiveCfg = Release|Any CPU
		{AE02A498-3B65-4171-B470-50CF8108414D}.Release|Any CPU.Build.0 = Release|Any CPU
		{AE02A498-3B65-4171-B470-50CF8108414D}.Release|x64.ActiveCfg = Release|Any CPU
		{AE02A498-3B65-4171-B470-50CF8108414D}.Release|x64.Build.0 = Release|Any CPU
		{AE02A498-3B65-4171-B470-50CF8108414D}.Release|x86.ActiveCfg = Release|Any CPU
		{AE02A498-3B65-4171-B470-50CF8108414D}.Release|x86.Build.0 = Release|Any CPU
		{8D240580-E726-E8AD-805A-C7EF8A4107FB}.Debug|Any CPU.ActiveCfg = Debug|Any CPU
		{8D240580-E726-E8AD-805A-C7EF8A4107FB}.Debug|Any CPU.Build.0 = Debug|Any CPU
		{8D240580-E726-E8AD-805A-C7EF8A4107FB}.Debug|x64.ActiveCfg = Debug|Any CPU
		{8D240580-E726-E8AD-805A-C7EF8A4107FB}.Debug|x64.Build.0 = Debug|Any CPU
		{8D240580-E726-E8AD-805A-C7EF8A4107FB}.Debug|x86.ActiveCfg = Debug|Any CPU
		{8D240580-E726-E8AD-805A-C7EF8A4107FB}.Debug|x86.Build.0 = Debug|Any CPU
		{8D240580-E726-E8AD-805A-C7EF8A4107FB}.Release|Any CPU.ActiveCfg = Release|Any CPU
		{8D240580-E726-E8AD-805A-C7EF8A4107FB}.Release|Any CPU.Build.0 = Release|Any CPU
		{8D240580-E726-E8AD-805A-C7EF8A4107FB}.Release|x64.ActiveCfg = Release|Any CPU
		{8D240580-E726-E8AD-805A-C7EF8A4107FB}.Release|x64.Build.0 = Release|Any CPU
		{8D240580-E726-E8AD-805A-C7EF8A4107FB}.Release|x86.ActiveCfg = Release|Any CPU
		{8D240580-E726-E8AD-805A-C7EF8A4107FB}.Release|x86.Build.0 = Release|Any CPU
		{EA8A4C72-051D-4337-8AD7-F0FF45A8F63D}.Debug|Any CPU.ActiveCfg = Debug|Any CPU
		{EA8A4C72-051D-4337-8AD7-F0FF45A8F63D}.Debug|Any CPU.Build.0 = Debug|Any CPU
		{EA8A4C72-051D-4337-8AD7-F0FF45A8F63D}.Debug|x64.ActiveCfg = Debug|Any CPU
		{EA8A4C72-051D-4337-8AD7-F0FF45A8F63D}.Debug|x64.Build.0 = Debug|Any CPU
		{EA8A4C72-051D-4337-8AD7-F0FF45A8F63D}.Debug|x86.ActiveCfg = Debug|Any CPU
		{EA8A4C72-051D-4337-8AD7-F0FF45A8F63D}.Debug|x86.Build.0 = Debug|Any CPU
		{EA8A4C72-051D-4337-8AD7-F0FF45A8F63D}.Release|Any CPU.ActiveCfg = Release|Any CPU
		{EA8A4C72-051D-4337-8AD7-F0FF45A8F63D}.Release|Any CPU.Build.0 = Release|Any CPU
		{EA8A4C72-051D-4337-8AD7-F0FF45A8F63D}.Release|x64.ActiveCfg = Release|Any CPU
		{EA8A4C72-051D-4337-8AD7-F0FF45A8F63D}.Release|x64.Build.0 = Release|Any CPU
		{EA8A4C72-051D-4337-8AD7-F0FF45A8F63D}.Release|x86.ActiveCfg = Release|Any CPU
		{EA8A4C72-051D-4337-8AD7-F0FF45A8F63D}.Release|x86.Build.0 = Release|Any CPU
	EndGlobalSection
	GlobalSection(SolutionProperties) = preSolution
		HideSolutionNode = FALSE
	EndGlobalSection
	GlobalSection(NestedProjects) = preSolution
		{3BA82990-0350-491B-BED9-AE249D9A534E} = {DACA7FD0-2F1D-9E6A-A381-3006308BBC75}
		{460DEF10-F9BA-4D29-8EC5-1834BE909CBF} = {DACA7FD0-2F1D-9E6A-A381-3006308BBC75}
		{DC836D44-D92F-4309-9A85-1FC431FB2C0D} = {570106CE-A4FD-B158-E1C7-5F3C003914F3}
		{AE02A498-3B65-4171-B470-50CF8108414D} = {570106CE-A4FD-B158-E1C7-5F3C003914F3}
	EndGlobalSection
	GlobalSection(ExtensibilityGlobals) = postSolution
		SolutionGuid = {8052B006-8E16-481B-9740-22125D2D0A70}
	EndGlobalSection
EndGlobal
